
Microsoft Visual Studio Solution File, Format Version 12.00
# Visual Studio Version 17
VisualStudioVersion = 17.7.34302.85
MinimumVisualStudioVersion = 10.0.40219.1
Project("{FAE04EC0-301F-11D3-BF4B-00C04F79EFBC}") = "University", "University\University.csproj", "{C13A63C4-F592-4555-91D0-45ED36EB4917}"
EndProject
Global
	GlobalSection(SolutionConfigurationPlatforms) = preSolution
		Debug|Any CPU = Debug|Any CPU
		Release|Any CPU = Release|Any CPU
	EndGlobalSection
	GlobalSection(ProjectConfigurationPlatforms) = postSolution
		{C13A63C4-F592-4555-91D0-45ED36EB4917}.Debug|Any CPU.ActiveCfg = Debug|Any CPU
		{C13A63C4-F592-4555-91D0-45ED36EB4917}.Debug|Any CPU.Build.0 = Debug|Any CPU
		{C13A63C4-F592-4555-91D0-45ED36EB4917}.Release|Any CPU.ActiveCfg = Release|Any CPU
		{C13A63C4-F592-4555-91D0-45ED36EB4917}.Release|Any CPU.Build.0 = Release|Any CPU
	EndGlobalSection
	GlobalSection(SolutionProperties) = preSolution
		HideSolutionNode = FALSE
	EndGlobalSection
	GlobalSection(ExtensibilityGlobals) = postSolution
		SolutionGuid = {87953C0F-88D5-4E5D-B0CB-F7B505588DC3}
	EndGlobalSection
EndGlobal
